
Microsoft Visual Studio Solution File, Format Version 12.00
# Visual Studio Version 17
VisualStudioVersion = 17.4.33213.308
MinimumVisualStudioVersion = 10.0.40219.1
Project("{9A19103F-16F7-4668-BE54-9A1E7A4F7556}") = "ShopSuphan", "ShopSuphan.csproj", "{9915C784-3DDC-4D39-8740-005D43E6C9FF}"
EndProject
Global
	GlobalSection(SolutionConfigurationPlatforms) = preSolution
		Debug|Any CPU = Debug|Any CPU
		Release|Any CPU = Release|Any CPU
	EndGlobalSection
	GlobalSection(ProjectConfigurationPlatforms) = postSolution
		{9915C784-3DDC-4D39-8740-005D43E6C9FF}.Debug|Any CPU.ActiveCfg = Debug|Any CPU
		{9915C784-3DDC-4D39-8740-005D43E6C9FF}.Debug|Any CPU.Build.0 = Debug|Any CPU
		{9915C784-3DDC-4D39-8740-005D43E6C9FF}.Release|Any CPU.ActiveCfg = Release|Any CPU
		{9915C784-3DDC-4D39-8740-005D43E6C9FF}.Release|Any CPU.Build.0 = Release|Any CPU
	EndGlobalSection
	GlobalSection(SolutionProperties) = preSolution
		HideSolutionNode = FALSE
	EndGlobalSection
	GlobalSection(ExtensibilityGlobals) = postSolution
		SolutionGuid = {7AADBC7D-1102-4ECF-A8F7-28278881B281}
	EndGlobalSection
EndGlobal
